#!r6rs ; -*- mode: scheme; coding: utf-8 -*-
;; This file is automatically generated - do not change it by hand.
(import (akku format lockfile))
(projects
  ((name "chez-srfi")
    (location (git "https://github.com/weinholt/chez-srfi.git"))
    (revision "4b84c82a1e51d7dadc8e5a7dfe4c6f9f70818f54"))
  ((name "r6rs-pffi")
    (location (git "https://github.com/ktakashi/r6rs-pffi"))
    (revision "1eedfe1547ca9f39a552025ad13de74e04f68dc3")))
